
Microsoft Visual Studio Solution File, Format Version 12.00
# Visual Studio Version 17
VisualStudioVersion = 17.9.34616.47
MinimumVisualStudioVersion = 10.0.40219.1
Project("{9A19103F-16F7-4668-BE54-9A1E7A4F7556}") = "SimpleDesignPatterns", "SimpleDesignPatterns\SimpleDesignPatterns.csproj", "{E4F06625-1594-404A-BA40-C441655E3F83}"
EndProject
Project("{9A19103F-16F7-4668-BE54-9A1E7A4F7556}") = "PatternsConsole", "PatternsConsole\PatternsConsole.csproj", "{AB402E36-22B7-4495-8367-92A06FE95A89}"
EndProject
Project("{FAE04EC0-301F-11D3-BF4B-00C04F79EFBC}") = "PatternForm", "PatternForm\PatternForm.csproj", "{153A3E70-11E3-44AA-9574-1662FB38F334}"
EndProject
Global
	GlobalSection(SolutionConfigurationPlatforms) = preSolution
		Debug|Any CPU = Debug|Any CPU
		Release|Any CPU = Release|Any CPU
	EndGlobalSection
	GlobalSection(ProjectConfigurationPlatforms) = postSolution
		{E4F06625-1594-404A-BA40-C441655E3F83}.Debug|Any CPU.ActiveCfg = Debug|Any CPU
		{E4F06625-1594-404A-BA40-C441655E3F83}.Debug|Any CPU.Build.0 = Debug|Any CPU
		{E4F06625-1594-404A-BA40-C441655E3F83}.Release|Any CPU.ActiveCfg = Release|Any CPU
		{E4F06625-1594-404A-BA40-C441655E3F83}.Release|Any CPU.Build.0 = Release|Any CPU
		{AB402E36-22B7-4495-8367-92A06FE95A89}.Debug|Any CPU.ActiveCfg = Debug|Any CPU
		{AB402E36-22B7-4495-8367-92A06FE95A89}.Debug|Any CPU.Build.0 = Debug|Any CPU
		{AB402E36-22B7-4495-8367-92A06FE95A89}.Release|Any CPU.ActiveCfg = Release|Any CPU
		{AB402E36-22B7-4495-8367-92A06FE95A89}.Release|Any CPU.Build.0 = Release|Any CPU
		{153A3E70-11E3-44AA-9574-1662FB38F334}.Debug|Any CPU.ActiveCfg = Debug|Any CPU
		{153A3E70-11E3-44AA-9574-1662FB38F334}.Debug|Any CPU.Build.0 = Debug|Any CPU
		{153A3E70-11E3-44AA-9574-1662FB38F334}.Release|Any CPU.ActiveCfg = Release|Any CPU
		{153A3E70-11E3-44AA-9574-1662FB38F334}.Release|Any CPU.Build.0 = Release|Any CPU
	EndGlobalSection
	GlobalSection(SolutionProperties) = preSolution
		HideSolutionNode = FALSE
	EndGlobalSection
	GlobalSection(ExtensibilityGlobals) = postSolution
		SolutionGuid = {B3BBF6C9-30C6-4217-B55C-4DE34E3492FB}
	EndGlobalSection
EndGlobal
